
Microsoft Visual Studio Solution File, Format Version 12.00
# Visual Studio 2013
VisualStudioVersion = 12.0.21005.1
MinimumVisualStudioVersion = 10.0.40219.1
Project("{FAE04EC0-301F-11D3-BF4B-00C04F79EFBC}") = "Speech Test", "Speech Test\Speech Test.csproj", "{CFBA43AB-A656-4D0D-AF0A-4D80BAC34219}"
EndProject
Global
	GlobalSection(SolutionConfigurationPlatforms) = preSolution
		Debug|Any CPU = Debug|Any CPU
		Release|Any CPU = Release|Any CPU
	EndGlobalSection
	GlobalSection(ProjectConfigurationPlatforms) = postSolution
		{CFBA43AB-A656-4D0D-AF0A-4D80BAC34219}.Debug|Any CPU.ActiveCfg = Debug|Any CPU
		{CFBA43AB-A656-4D0D-AF0A-4D80BAC34219}.Debug|Any CPU.Build.0 = Debug|Any CPU
		{CFBA43AB-A656-4D0D-AF0A-4D80BAC34219}.Release|Any CPU.ActiveCfg = Release|Any CPU
		{CFBA43AB-A656-4D0D-AF0A-4D80BAC34219}.Release|Any CPU.Build.0 = Release|Any CPU
	EndGlobalSection
	GlobalSection(SolutionProperties) = preSolution
		HideSolutionNode = FALSE
	EndGlobalSection
EndGlobal
